
Microsoft Visual Studio Solution File, Format Version 12.00
# Visual Studio Version 17
VisualStudioVersion = 17.13.35806.99 d17.13
MinimumVisualStudioVersion = 10.0.40219.1
Project("{FAE04EC0-301F-11D3-BF4B-00C04F79EFBC}") = "UCLN-BCNN", "UCLN-BCNN\UCLN-BCNN.csproj", "{64B41FFD-B935-4B2A-888A-B2AD25DB7E25}"
EndProject
Global
	GlobalSection(SolutionConfigurationPlatforms) = preSolution
		Debug|Any CPU = Debug|Any CPU
		Release|Any CPU = Release|Any CPU
	EndGlobalSection
	GlobalSection(ProjectConfigurationPlatforms) = postSolution
		{64B41FFD-B935-4B2A-888A-B2AD25DB7E25}.Debug|Any CPU.ActiveCfg = Debug|Any CPU
		{64B41FFD-B935-4B2A-888A-B2AD25DB7E25}.Debug|Any CPU.Build.0 = Debug|Any CPU
		{64B41FFD-B935-4B2A-888A-B2AD25DB7E25}.Release|Any CPU.ActiveCfg = Release|Any CPU
		{64B41FFD-B935-4B2A-888A-B2AD25DB7E25}.Release|Any CPU.Build.0 = Release|Any CPU
	EndGlobalSection
	GlobalSection(SolutionProperties) = preSolution
		HideSolutionNode = FALSE
	EndGlobalSection
	GlobalSection(ExtensibilityGlobals) = postSolution
		SolutionGuid = {0BC432C6-9725-4F47-B14F-7BF4241E1749}
	EndGlobalSection
EndGlobal
