
Microsoft Visual Studio Solution File, Format Version 12.00
# Visual Studio Version 17
VisualStudioVersion = 17.13.35806.99 d17.13
MinimumVisualStudioVersion = 10.0.40219.1
Project("{FAE04EC0-301F-11D3-BF4B-00C04F79EFBC}") = "DenGiaoThong", "DenGiaoThong\DenGiaoThong.csproj", "{1A4D04A0-287E-459C-AA0D-17FECEC26C24}"
EndProject
Global
	GlobalSection(SolutionConfigurationPlatforms) = preSolution
		Debug|Any CPU = Debug|Any CPU
		Release|Any CPU = Release|Any CPU
	EndGlobalSection
	GlobalSection(ProjectConfigurationPlatforms) = postSolution
		{1A4D04A0-287E-459C-AA0D-17FECEC26C24}.Debug|Any CPU.ActiveCfg = Debug|Any CPU
		{1A4D04A0-287E-459C-AA0D-17FECEC26C24}.Debug|Any CPU.Build.0 = Debug|Any CPU
		{1A4D04A0-287E-459C-AA0D-17FECEC26C24}.Release|Any CPU.ActiveCfg = Release|Any CPU
		{1A4D04A0-287E-459C-AA0D-17FECEC26C24}.Release|Any CPU.Build.0 = Release|Any CPU
	EndGlobalSection
	GlobalSection(SolutionProperties) = preSolution
		HideSolutionNode = FALSE
	EndGlobalSection
	GlobalSection(ExtensibilityGlobals) = postSolution
		SolutionGuid = {C2728569-941F-4387-A9F6-8018DF3C8BE9}
	EndGlobalSection
EndGlobal
