
Microsoft Visual Studio Solution File, Format Version 12.00
# Visual Studio Version 17
VisualStudioVersion = 17.13.35931.197 d17.13
MinimumVisualStudioVersion = 10.0.40219.1
Project("{FAE04EC0-301F-11D3-BF4B-00C04F79EFBC}") = "BT-BS6", "BT-BS6\BT-BS6.csproj", "{CAA8E187-56A7-4462-BE9A-D0281F7309DC}"
EndProject
Global
	GlobalSection(SolutionConfigurationPlatforms) = preSolution
		Debug|Any CPU = Debug|Any CPU
		Release|Any CPU = Release|Any CPU
	EndGlobalSection
	GlobalSection(ProjectConfigurationPlatforms) = postSolution
		{CAA8E187-56A7-4462-BE9A-D0281F7309DC}.Debug|Any CPU.ActiveCfg = Debug|Any CPU
		{CAA8E187-56A7-4462-BE9A-D0281F7309DC}.Debug|Any CPU.Build.0 = Debug|Any CPU
		{CAA8E187-56A7-4462-BE9A-D0281F7309DC}.Release|Any CPU.ActiveCfg = Release|Any CPU
		{CAA8E187-56A7-4462-BE9A-D0281F7309DC}.Release|Any CPU.Build.0 = Release|Any CPU
	EndGlobalSection
	GlobalSection(SolutionProperties) = preSolution
		HideSolutionNode = FALSE
	EndGlobalSection
	GlobalSection(ExtensibilityGlobals) = postSolution
		SolutionGuid = {0C6991E7-E747-47E5-B50D-8ABC9BD64413}
	EndGlobalSection
EndGlobal
