
Microsoft Visual Studio Solution File, Format Version 12.00
# Visual Studio Version 17
VisualStudioVersion = 17.13.35825.156 d17.13
MinimumVisualStudioVersion = 10.0.40219.1
Project("{FAE04EC0-301F-11D3-BF4B-00C04F79EFBC}") = "MusicGame", "MusicGame\MusicGame.csproj", "{F93D5F58-903F-4405-A0C7-1C051C0B3180}"
EndProject
Global
	GlobalSection(SolutionConfigurationPlatforms) = preSolution
		Debug|Any CPU = Debug|Any CPU
		Release|Any CPU = Release|Any CPU
	EndGlobalSection
	GlobalSection(ProjectConfigurationPlatforms) = postSolution
		{F93D5F58-903F-4405-A0C7-1C051C0B3180}.Debug|Any CPU.ActiveCfg = Debug|Any CPU
		{F93D5F58-903F-4405-A0C7-1C051C0B3180}.Debug|Any CPU.Build.0 = Debug|Any CPU
		{F93D5F58-903F-4405-A0C7-1C051C0B3180}.Release|Any CPU.ActiveCfg = Release|Any CPU
		{F93D5F58-903F-4405-A0C7-1C051C0B3180}.Release|Any CPU.Build.0 = Release|Any CPU
	EndGlobalSection
	GlobalSection(SolutionProperties) = preSolution
		HideSolutionNode = FALSE
	EndGlobalSection
	GlobalSection(ExtensibilityGlobals) = postSolution
		SolutionGuid = {8384DACF-E036-4E96-9547-50EFDC9F54BF}
	EndGlobalSection
EndGlobal
