
Microsoft Visual Studio Solution File, Format Version 12.00
# Visual Studio Version 17
VisualStudioVersion = 17.13.35825.156 d17.13
MinimumVisualStudioVersion = 10.0.40219.1
Project("{FAE04EC0-301F-11D3-BF4B-00C04F79EFBC}") = "023101063-Tuan4", "023101063-Tuan4\023101063-Tuan4.csproj", "{AE277866-6599-4C42-8CA0-4756F5DDA413}"
EndProject
Global
	GlobalSection(SolutionConfigurationPlatforms) = preSolution
		Debug|Any CPU = Debug|Any CPU
		Release|Any CPU = Release|Any CPU
	EndGlobalSection
	GlobalSection(ProjectConfigurationPlatforms) = postSolution
		{AE277866-6599-4C42-8CA0-4756F5DDA413}.Debug|Any CPU.ActiveCfg = Debug|Any CPU
		{AE277866-6599-4C42-8CA0-4756F5DDA413}.Debug|Any CPU.Build.0 = Debug|Any CPU
		{AE277866-6599-4C42-8CA0-4756F5DDA413}.Release|Any CPU.ActiveCfg = Release|Any CPU
		{AE277866-6599-4C42-8CA0-4756F5DDA413}.Release|Any CPU.Build.0 = Release|Any CPU
	EndGlobalSection
	GlobalSection(SolutionProperties) = preSolution
		HideSolutionNode = FALSE
	EndGlobalSection
	GlobalSection(ExtensibilityGlobals) = postSolution
		SolutionGuid = {D2591C1F-C953-4EDD-A3A3-2C824C11E3BC}
	EndGlobalSection
EndGlobal
