
Microsoft Visual Studio Solution File, Format Version 12.00
# Visual Studio Version 17
VisualStudioVersion = 17.14.36623.8 d17.14
MinimumVisualStudioVersion = 10.0.40219.1
Project("{FAE04EC0-301F-11D3-BF4B-00C04F79EFBC}") = "QuanLyDanhMucNhanVien", "QuanLyDanhMucNhanVien\QuanLyDanhMucNhanVien.csproj", "{24F5EDBA-7940-4235-BC26-58E2BF8D7CEC}"
EndProject
Global
	GlobalSection(SolutionConfigurationPlatforms) = preSolution
		Debug|Any CPU = Debug|Any CPU
		Release|Any CPU = Release|Any CPU
	EndGlobalSection
	GlobalSection(ProjectConfigurationPlatforms) = postSolution
		{24F5EDBA-7940-4235-BC26-58E2BF8D7CEC}.Debug|Any CPU.ActiveCfg = Debug|Any CPU
		{24F5EDBA-7940-4235-BC26-58E2BF8D7CEC}.Debug|Any CPU.Build.0 = Debug|Any CPU
		{24F5EDBA-7940-4235-BC26-58E2BF8D7CEC}.Release|Any CPU.ActiveCfg = Release|Any CPU
		{24F5EDBA-7940-4235-BC26-58E2BF8D7CEC}.Release|Any CPU.Build.0 = Release|Any CPU
	EndGlobalSection
	GlobalSection(SolutionProperties) = preSolution
		HideSolutionNode = FALSE
	EndGlobalSection
	GlobalSection(ExtensibilityGlobals) = postSolution
		SolutionGuid = {36E10C4E-67DA-4DD8-B20F-228AA534BA48}
	EndGlobalSection
EndGlobal
