
Microsoft Visual Studio Solution File, Format Version 12.00
# Visual Studio Version 17
VisualStudioVersion = 17.13.35931.197
MinimumVisualStudioVersion = 10.0.40219.1
Project("{FAE04EC0-301F-11D3-BF4B-00C04F79EFBC}") = "BT-BS8", "BT-BS8\BT-BS8.csproj", "{0C6190D8-0E54-4314-8EB1-59142FCCED58}"
EndProject
Global
	GlobalSection(SolutionConfigurationPlatforms) = preSolution
		Debug|Any CPU = Debug|Any CPU
		Release|Any CPU = Release|Any CPU
	EndGlobalSection
	GlobalSection(ProjectConfigurationPlatforms) = postSolution
		{0C6190D8-0E54-4314-8EB1-59142FCCED58}.Debug|Any CPU.ActiveCfg = Debug|Any CPU
		{0C6190D8-0E54-4314-8EB1-59142FCCED58}.Debug|Any CPU.Build.0 = Debug|Any CPU
		{0C6190D8-0E54-4314-8EB1-59142FCCED58}.Release|Any CPU.ActiveCfg = Release|Any CPU
		{0C6190D8-0E54-4314-8EB1-59142FCCED58}.Release|Any CPU.Build.0 = Release|Any CPU
	EndGlobalSection
	GlobalSection(SolutionProperties) = preSolution
		HideSolutionNode = FALSE
	EndGlobalSection
	GlobalSection(ExtensibilityGlobals) = postSolution
		SolutionGuid = {A66CD590-AD1A-4620-9673-195F1250637A}
	EndGlobalSection
EndGlobal
