
Microsoft Visual Studio Solution File, Format Version 12.00
# Visual Studio Version 17
VisualStudioVersion = 17.14.36705.20 d17.14
MinimumVisualStudioVersion = 10.0.40219.1
Project("{FAE04EC0-301F-11D3-BF4B-00C04F79EFBC}") = "HoaDonBanHang_CrystalReport", "HoaDonBanHang_CrystalReport\HoaDonBanHang_CrystalReport.csproj", "{4FBA5B2C-4CF3-44BC-AA32-BA6EB1EE7FD5}"
EndProject
Global
	GlobalSection(SolutionConfigurationPlatforms) = preSolution
		Debug|Any CPU = Debug|Any CPU
		Release|Any CPU = Release|Any CPU
	EndGlobalSection
	GlobalSection(ProjectConfigurationPlatforms) = postSolution
		{4FBA5B2C-4CF3-44BC-AA32-BA6EB1EE7FD5}.Debug|Any CPU.ActiveCfg = Debug|Any CPU
		{4FBA5B2C-4CF3-44BC-AA32-BA6EB1EE7FD5}.Debug|Any CPU.Build.0 = Debug|Any CPU
		{4FBA5B2C-4CF3-44BC-AA32-BA6EB1EE7FD5}.Release|Any CPU.ActiveCfg = Release|Any CPU
		{4FBA5B2C-4CF3-44BC-AA32-BA6EB1EE7FD5}.Release|Any CPU.Build.0 = Release|Any CPU
	EndGlobalSection
	GlobalSection(SolutionProperties) = preSolution
		HideSolutionNode = FALSE
	EndGlobalSection
	GlobalSection(ExtensibilityGlobals) = postSolution
		SolutionGuid = {35F50BE3-FA87-4543-A0D5-8041DF3E02C1}
	EndGlobalSection
EndGlobal
