
Microsoft Visual Studio Solution File, Format Version 12.00
# Visual Studio Version 17
VisualStudioVersion = 17.13.35913.81 d17.13
MinimumVisualStudioVersion = 10.0.40219.1
Project("{FAE04EC0-301F-11D3-BF4B-00C04F79EFBC}") = "MinhHoa-Chuong2", "MinhHoa-Chuong2\MinhHoa-Chuong2.csproj", "{D1A9BD5E-A62E-4E79-B744-68A41429ED29}"
EndProject
Global
	GlobalSection(SolutionConfigurationPlatforms) = preSolution
		Debug|Any CPU = Debug|Any CPU
		Release|Any CPU = Release|Any CPU
	EndGlobalSection
	GlobalSection(ProjectConfigurationPlatforms) = postSolution
		{D1A9BD5E-A62E-4E79-B744-68A41429ED29}.Debug|Any CPU.ActiveCfg = Debug|Any CPU
		{D1A9BD5E-A62E-4E79-B744-68A41429ED29}.Debug|Any CPU.Build.0 = Debug|Any CPU
		{D1A9BD5E-A62E-4E79-B744-68A41429ED29}.Release|Any CPU.ActiveCfg = Release|Any CPU
		{D1A9BD5E-A62E-4E79-B744-68A41429ED29}.Release|Any CPU.Build.0 = Release|Any CPU
	EndGlobalSection
	GlobalSection(SolutionProperties) = preSolution
		HideSolutionNode = FALSE
	EndGlobalSection
	GlobalSection(ExtensibilityGlobals) = postSolution
		SolutionGuid = {1DE12504-4868-4180-B111-B4A44F964F03}
	EndGlobalSection
EndGlobal
